{
  "nodes": {
    "nix-flatpak": {
      "locked": {
        "lastModified": 1708268179,
        "narHash": "sha256-NNVuhf84AeDTxadfSGnFqPHR0ED+QyM2gmu+Wyz6PrY=",
        "owner": "gmodena",
        "repo": "nix-flatpak",
        "rev": "a243cb0522f6240c194b873dde68e25370b06034",
        "type": "github"
      },
      "original": {
        "owner": "gmodena",
        "ref": "v0.3.0",
        "repo": "nix-flatpak",
        "type": "github"
      }
    },
    "nixpkgs": {
      "locked": {
        "lastModified": 1710806803,
        "narHash": "sha256-qrxvLS888pNJFwJdK+hf1wpRCSQcqA6W5+Ox202NDa0=",
        "owner": "nixos",
        "repo": "nixpkgs",
        "rev": "b06025f1533a1e07b6db3e75151caa155d1c7eb3",
        "type": "github"
      },
      "original": {
        "owner": "nixos",
        "ref": "nixos-unstable",
        "repo": "nixpkgs",
        "type": "github"
      }
    },
    "root": {
      "inputs": {
        "nix-flatpak": "nix-flatpak",
        "nixpkgs": "nixpkgs"
      }
    }
  },
  "root": "root",
  "version": 7
}
